
Microsoft Visual Studio Solution File, Format Version 12.00
# Visual Studio 15
VisualStudioVersion = 15.0.27703.2000
MinimumVisualStudioVersion = 10.0.40219.1
Project("{FAE04EC0-301F-11D3-BF4B-00C04F79EFBC}") = "projetLinq", "projetLinq\projetLinq.csproj", "{0DE63177-5039-496B-AAC7-7C623E7C541D}"
EndProject
Global
	GlobalSection(SolutionConfigurationPlatforms) = preSolution
		Debug|Any CPU = Debug|Any CPU
		Release|Any CPU = Release|Any CPU
	EndGlobalSection
	GlobalSection(ProjectConfigurationPlatforms) = postSolution
		{0DE63177-5039-496B-AAC7-7C623E7C541D}.Debug|Any CPU.ActiveCfg = Debug|Any CPU
		{0DE63177-5039-496B-AAC7-7C623E7C541D}.Debug|Any CPU.Build.0 = Debug|Any CPU
		{0DE63177-5039-496B-AAC7-7C623E7C541D}.Release|Any CPU.ActiveCfg = Release|Any CPU
		{0DE63177-5039-496B-AAC7-7C623E7C541D}.Release|Any CPU.Build.0 = Release|Any CPU
	EndGlobalSection
	GlobalSection(SolutionProperties) = preSolution
		HideSolutionNode = FALSE
	EndGlobalSection
	GlobalSection(ExtensibilityGlobals) = postSolution
		SolutionGuid = {14A51971-EE07-4146-8892-292C738342BE}
	EndGlobalSection
EndGlobal
